
Microsoft Visual Studio Solution File, Format Version 12.00
# Visual Studio Version 17
VisualStudioVersion = 17.9.34902.65
MinimumVisualStudioVersion = 10.0.40219.1
Project("{9A19103F-16F7-4668-BE54-9A1E7A4F7556}") = "WeatherServiceAPI", "WeatherServiceAPI\WeatherServiceAPI.csproj", "{437C51C4-F319-47E9-8158-0BFBC04AE8DA}"
EndProject
Project("{FAE04EC0-301F-11D3-BF4B-00C04F79EFBC}") = "WeatherServiceAPITest", "WeatherServiceAPITest\WeatherServiceAPITest.csproj", "{D5532EF2-B46E-48ED-B29D-5F47725165AB}"
EndProject
Global
	GlobalSection(SolutionConfigurationPlatforms) = preSolution
		Debug|Any CPU = Debug|Any CPU
		Release|Any CPU = Release|Any CPU
	EndGlobalSection
	GlobalSection(ProjectConfigurationPlatforms) = postSolution
		{437C51C4-F319-47E9-8158-0BFBC04AE8DA}.Debug|Any CPU.ActiveCfg = Debug|Any CPU
		{437C51C4-F319-47E9-8158-0BFBC04AE8DA}.Debug|Any CPU.Build.0 = Debug|Any CPU
		{437C51C4-F319-47E9-8158-0BFBC04AE8DA}.Release|Any CPU.ActiveCfg = Release|Any CPU
		{437C51C4-F319-47E9-8158-0BFBC04AE8DA}.Release|Any CPU.Build.0 = Release|Any CPU
		{D5532EF2-B46E-48ED-B29D-5F47725165AB}.Debug|Any CPU.ActiveCfg = Debug|Any CPU
		{D5532EF2-B46E-48ED-B29D-5F47725165AB}.Debug|Any CPU.Build.0 = Debug|Any CPU
		{D5532EF2-B46E-48ED-B29D-5F47725165AB}.Release|Any CPU.ActiveCfg = Release|Any CPU
		{D5532EF2-B46E-48ED-B29D-5F47725165AB}.Release|Any CPU.Build.0 = Release|Any CPU
	EndGlobalSection
	GlobalSection(SolutionProperties) = preSolution
		HideSolutionNode = FALSE
	EndGlobalSection
	GlobalSection(ExtensibilityGlobals) = postSolution
		SolutionGuid = {C64527E6-C474-481A-ADB5-9CEDB33E54BA}
	EndGlobalSection
EndGlobal
